
Microsoft Visual Studio Solution File, Format Version 12.00
# Visual Studio Version 17
VisualStudioVersion = 17.0.31903.59
MinimumVisualStudioVersion = 10.0.40219.1
Project("{9A19103F-16F7-4668-BE54-9A1E7A4F7556}") = "WebApi", "WebApi\WebApi.csproj", "{99972E70-F918-4F5D-AEFE-026D19A6EDE0}"
EndProject
Project("{9A19103F-16F7-4668-BE54-9A1E7A4F7556}") = "Entities", "Entities\Entities.csproj", "{B665D76B-C8F9-4CC1-846B-266216FE44FC}"
EndProject
Project("{9A19103F-16F7-4668-BE54-9A1E7A4F7556}") = "Repositories", "Repositories\Repositories.csproj", "{07A5F5F6-A631-45A5-8514-751E3DDFCBD8}"
EndProject
Project("{9A19103F-16F7-4668-BE54-9A1E7A4F7556}") = "Services", "Services\Services.csproj", "{B724EEDF-8EC1-4537-B07D-3BFA4F95B6FC}"
EndProject
Project("{FAE04EC0-301F-11D3-BF4B-00C04F79EFBC}") = "Presentation", "Presentation\Presentation.csproj", "{829312DD-DA30-4626-B090-73DF61CC4C7C}"
EndProject
Global
	GlobalSection(SolutionConfigurationPlatforms) = preSolution
		Debug|Any CPU = Debug|Any CPU
		Release|Any CPU = Release|Any CPU
	EndGlobalSection
	GlobalSection(ProjectConfigurationPlatforms) = postSolution
		{99972E70-F918-4F5D-AEFE-026D19A6EDE0}.Debug|Any CPU.ActiveCfg = Debug|Any CPU
		{99972E70-F918-4F5D-AEFE-026D19A6EDE0}.Debug|Any CPU.Build.0 = Debug|Any CPU
		{99972E70-F918-4F5D-AEFE-026D19A6EDE0}.Release|Any CPU.ActiveCfg = Release|Any CPU
		{99972E70-F918-4F5D-AEFE-026D19A6EDE0}.Release|Any CPU.Build.0 = Release|Any CPU
		{B665D76B-C8F9-4CC1-846B-266216FE44FC}.Debug|Any CPU.ActiveCfg = Debug|Any CPU
		{B665D76B-C8F9-4CC1-846B-266216FE44FC}.Debug|Any CPU.Build.0 = Debug|Any CPU
		{B665D76B-C8F9-4CC1-846B-266216FE44FC}.Release|Any CPU.ActiveCfg = Release|Any CPU
		{B665D76B-C8F9-4CC1-846B-266216FE44FC}.Release|Any CPU.Build.0 = Release|Any CPU
		{07A5F5F6-A631-45A5-8514-751E3DDFCBD8}.Debug|Any CPU.ActiveCfg = Debug|Any CPU
		{07A5F5F6-A631-45A5-8514-751E3DDFCBD8}.Debug|Any CPU.Build.0 = Debug|Any CPU
		{07A5F5F6-A631-45A5-8514-751E3DDFCBD8}.Release|Any CPU.ActiveCfg = Release|Any CPU
		{07A5F5F6-A631-45A5-8514-751E3DDFCBD8}.Release|Any CPU.Build.0 = Release|Any CPU
		{B724EEDF-8EC1-4537-B07D-3BFA4F95B6FC}.Debug|Any CPU.ActiveCfg = Debug|Any CPU
		{B724EEDF-8EC1-4537-B07D-3BFA4F95B6FC}.Debug|Any CPU.Build.0 = Debug|Any CPU
		{B724EEDF-8EC1-4537-B07D-3BFA4F95B6FC}.Release|Any CPU.ActiveCfg = Release|Any CPU
		{B724EEDF-8EC1-4537-B07D-3BFA4F95B6FC}.Release|Any CPU.Build.0 = Release|Any CPU
		{829312DD-DA30-4626-B090-73DF61CC4C7C}.Debug|Any CPU.ActiveCfg = Debug|Any CPU
		{829312DD-DA30-4626-B090-73DF61CC4C7C}.Debug|Any CPU.Build.0 = Debug|Any CPU
		{829312DD-DA30-4626-B090-73DF61CC4C7C}.Release|Any CPU.ActiveCfg = Release|Any CPU
		{829312DD-DA30-4626-B090-73DF61CC4C7C}.Release|Any CPU.Build.0 = Release|Any CPU
	EndGlobalSection
	GlobalSection(SolutionProperties) = preSolution
		HideSolutionNode = FALSE
	EndGlobalSection
	GlobalSection(ExtensibilityGlobals) = postSolution
		SolutionGuid = {C869C0F6-DDDB-4BD8-A7CE-7C5DF1764A4F}
	EndGlobalSection
EndGlobal
